// !$*UTF8*$!
{
	archiveVersion = 1;
	classes = {
	};
	objectVersion = 46;
	objects = {

/* Begin PBXBuildFile section */
		321173F4F29EA36A4F446564 /* Pods_SnowMan.framework in Frameworks */ = {isa = PBXBuildFile; fileRef = 24098A681E0B6E343368E2B6 /* Pods_SnowMan.framework */; };
		6B553D051E0A8C8E00A21CF1 /* Nexa Bold.otf in Resources */ = {isa = PBXBuildFile; fileRef = 6B553D041E0A8C8E00A21CF1 /* Nexa Bold.otf */; };
		6B553D091E0A8C9700A21CF1 /* Nexa Light.otf in Resources */ = {isa = PBXBuildFile; fileRef = 6B553D081E0A8C9700A21CF1 /* Nexa Light.otf */; };
		6B553D0C1E0AAE5200A21CF1 /* ForecastCell.swift in Sources */ = {isa = PBXBuildFile; fileRef = 6B553D0B1E0AAE5200A21CF1 /* ForecastCell.swift */; };
		6B794CB81E09BB5A00E3BC59 /* AppDelegate.swift in Sources */ = {isa = PBXBuildFile; fileRef = 6B794CB71E09BB5A00E3BC59 /* AppDelegate.swift */; };
		6B794CBA1E09BB5A00E3BC59 /* WeatherVC.swift in Sources */ = {isa = PBXBuildFile; fileRef = 6B794CB91E09BB5A00E3BC59 /* WeatherVC.swift */; };
		6B794CBD1E09BB5A00E3BC59 /* Main.storyboard in Resources */ = {isa = PBXBuildFile; fileRef = 6B794CBB1E09BB5A00E3BC59 /* Main.storyboard */; };
		6B794CC01E09BB5A00E3BC59 /* SnowMan.xcdatamodeld in Sources */ = {isa = PBXBuildFile; fileRef = 6B794CBE1E09BB5A00E3BC59 /* SnowMan.xcdatamodeld */; };
		6B794CC21E09BB5A00E3BC59 /* Assets.xcassets in Resources */ = {isa = PBXBuildFile; fileRef = 6B794CC11E09BB5A00E3BC59 /* Assets.xcassets */; };
		6B794CC51E09BB5A00E3BC59 /* LaunchScreen.storyboard in Resources */ = {isa = PBXBuildFile; fileRef = 6B794CC31E09BB5A00E3BC59 /* LaunchScreen.storyboard */; };
		6B794CD11E09C15800E3BC59 /* CurrentWeather.swift in Sources */ = {isa = PBXBuildFile; fileRef = 6B794CD01E09C15800E3BC59 /* CurrentWeather.swift */; };
		6B794CD31E09C54300E3BC59 /* Constants.swift in Sources */ = {isa = PBXBuildFile; fileRef = 6B794CD21E09C54300E3BC59 /* Constants.swift */; };
		6B794CD51E09C99B00E3BC59 /* Location.swift in Sources */ = {isa = PBXBuildFile; fileRef = 6B794CD41E09C99A00E3BC59 /* Location.swift */; };
		6B794CD71E09D57700E3BC59 /* Forecast.swift in Sources */ = {isa = PBXBuildFile; fileRef = 6B794CD61E09D57700E3BC59 /* Forecast.swift */; };
/* End PBXBuildFile section */

/* Begin PBXCopyFilesBuildPhase section */
		6B794CEA1E09E30500E3BC59 /* Embed Frameworks */ = {
			isa = PBXCopyFilesBuildPhase;
			buildActionMask = 2147483647;
			dstPath = "";
			dstSubfolderSpec = 10;
			files = (
			);
			name = "Embed Frameworks";
			runOnlyForDeploymentPostprocessing = 0;
		};
/* End PBXCopyFilesBuildPhase section */

/* Begin PBXFileReference section */
		24098A681E0B6E343368E2B6 /* Pods_SnowMan.framework */ = {isa = PBXFileReference; explicitFileType = wrapper.framework; includeInIndex = 0; path = Pods_SnowMan.framework; sourceTree = BUILT_PRODUCTS_DIR; };
		2892393A041F8547F8CF2B1C /* Pods-SnowMan.debug.xcconfig */ = {isa = PBXFileReference; includeInIndex = 1; lastKnownFileType = text.xcconfig; name = "Pods-SnowMan.debug.xcconfig"; path = "Pods/Target Support Files/Pods-SnowMan/Pods-SnowMan.debug.xcconfig"; sourceTree = "<group>"; };
		5F1B8DF076BDDAFA0253ABF9 /* Pods-SnowMan.release.xcconfig */ = {isa = PBXFileReference; includeInIndex = 1; lastKnownFileType = text.xcconfig; name = "Pods-SnowMan.release.xcconfig"; path = "Pods/Target Support Files/Pods-SnowMan/Pods-SnowMan.release.xcconfig"; sourceTree = "<group>"; };
		6B553D041E0A8C8E00A21CF1 /* Nexa Bold.otf */ = {isa = PBXFileReference; lastKnownFileType = file; path = "Nexa Bold.otf"; sourceTree = "<group>"; };
		6B553D081E0A8C9700A21CF1 /* Nexa Light.otf */ = {isa = PBXFileReference; lastKnownFileType = file; path = "Nexa Light.otf"; sourceTree = "<group>"; };
		6B553D0B1E0AAE5200A21CF1 /* ForecastCell.swift */ = {isa = PBXFileReference; fileEncoding = 4; lastKnownFileType = sourcecode.swift; path = ForecastCell.swift; sourceTree = "<group>"; };
		6B794CB41E09BB5A00E3BC59 /* SnowMan.app */ = {isa = PBXFileReference; explicitFileType = wrapper.application; includeInIndex = 0; path = SnowMan.app; sourceTree = BUILT_PRODUCTS_DIR; };
		6B794CB71E09BB5A00E3BC59 /* AppDelegate.swift */ = {isa = PBXFileReference; lastKnownFileType = sourcecode.swift; path = AppDelegate.swift; sourceTree = "<group>"; };
		6B794CB91E09BB5A00E3BC59 /* WeatherVC.swift */ = {isa = PBXFileReference; lastKnownFileType = sourcecode.swift; path = WeatherVC.swift; sourceTree = "<group>"; };
		6B794CBC1E09BB5A00E3BC59 /* Base */ = {isa = PBXFileReference; lastKnownFileType = file.storyboard; name = Base; path = Base.lproj/Main.storyboard; sourceTree = "<group>"; };
		6B794CBF1E09BB5A00E3BC59 /* SnowMan.xcdatamodel */ = {isa = PBXFileReference; lastKnownFileType = wrapper.xcdatamodel; path = SnowMan.xcdatamodel; sourceTree = "<group>"; };
		6B794CC11E09BB5A00E3BC59 /* Assets.xcassets */ = {isa = PBXFileReference; lastKnownFileType = folder.assetcatalog; path = Assets.xcassets; sourceTree = "<group>"; };
		6B794CC41E09BB5A00E3BC59 /* Base */ = {isa = PBXFileReference; lastKnownFileType = file.storyboard; name = Base; path = Base.lproj/LaunchScreen.storyboard; sourceTree = "<group>"; };
		6B794CC61E09BB5A00E3BC59 /* Info.plist */ = {isa = PBXFileReference; lastKnownFileType = text.plist.xml; path = Info.plist; sourceTree = "<group>"; };
		6B794CD01E09C15800E3BC59 /* CurrentWeather.swift */ = {isa = PBXFileReference; fileEncoding = 4; lastKnownFileType = sourcecode.swift; path = CurrentWeather.swift; sourceTree = "<group>"; };
		6B794CD21E09C54300E3BC59 /* Constants.swift */ = {isa = PBXFileReference; fileEncoding = 4; lastKnownFileType = sourcecode.swift; path = Constants.swift; sourceTree = "<group>"; };
		6B794CD41E09C99A00E3BC59 /* Location.swift */ = {isa = PBXFileReference; fileEncoding = 4; lastKnownFileType = sourcecode.swift; path = Location.swift; sourceTree = "<group>"; };
		6B794CD61E09D57700E3BC59 /* Forecast.swift */ = {isa = PBXFileReference; fileEncoding = 4; lastKnownFileType = sourcecode.swift; path = Forecast.swift; sourceTree = "<group>"; };
/* End PBXFileReference section */

/* Begin PBXFrameworksBuildPhase section */
		6B794CB11E09BB5A00E3BC59 /* Frameworks */ = {
			isa = PBXFrameworksBuildPhase;
			buildActionMask = 2147483647;
			files = (
				321173F4F29EA36A4F446564 /* Pods_SnowMan.framework in Frameworks */,
			);
			runOnlyForDeploymentPostprocessing = 0;
		};
/* End PBXFrameworksBuildPhase section */

/* Begin PBXGroup section */
		010796DE83FAF1A2E8A5DE8C /* Pods */ = {
			isa = PBXGroup;
			children = (
				2892393A041F8547F8CF2B1C /* Pods-SnowMan.debug.xcconfig */,
				5F1B8DF076BDDAFA0253ABF9 /* Pods-SnowMan.release.xcconfig */,
			);
			name = Pods;
			sourceTree = "<group>";
		};
		6B794CAB1E09BB5A00E3BC59 = {
			isa = PBXGroup;
			children = (
				6B794CB61E09BB5A00E3BC59 /* SnowMan */,
				6B794CB51E09BB5A00E3BC59 /* Products */,
				010796DE83FAF1A2E8A5DE8C /* Pods */,
				F7948D01E053C7285FBB00F9 /* Frameworks */,
			);
			sourceTree = "<group>";
		};
		6B794CB51E09BB5A00E3BC59 /* Products */ = {
			isa = PBXGroup;
			children = (
				6B794CB41E09BB5A00E3BC59 /* SnowMan.app */,
			);
			name = Products;
			sourceTree = "<group>";
		};
		6B794CB61E09BB5A00E3BC59 /* SnowMan */ = {
			isa = PBXGroup;
			children = (
				6B794CCC1E09BB6900E3BC59 /* Model */,
				6B794CCD1E09BB6F00E3BC59 /* View */,
				6B794CCE1E09BB7700E3BC59 /* Controller */,
				6B794CCF1E09BB8900E3BC59 /* Utils */,
				6B794CB71E09BB5A00E3BC59 /* AppDelegate.swift */,
				6B794CBB1E09BB5A00E3BC59 /* Main.storyboard */,
				6B794CC11E09BB5A00E3BC59 /* Assets.xcassets */,
				6B794CC31E09BB5A00E3BC59 /* LaunchScreen.storyboard */,
				6B794CC61E09BB5A00E3BC59 /* Info.plist */,
				6B794CBE1E09BB5A00E3BC59 /* SnowMan.xcdatamodeld */,
				6B553D041E0A8C8E00A21CF1 /* Nexa Bold.otf */,
				6B553D081E0A8C9700A21CF1 /* Nexa Light.otf */,
			);
			path = SnowMan;
			sourceTree = "<group>";
		};
		6B794CCC1E09BB6900E3BC59 /* Model */ = {
			isa = PBXGroup;
			children = (
				6B794CD01E09C15800E3BC59 /* CurrentWeather.swift */,
				6B794CD61E09D57700E3BC59 /* Forecast.swift */,
			);
			name = Model;
			sourceTree = "<group>";
		};
		6B794CCD1E09BB6F00E3BC59 /* View */ = {
			isa = PBXGroup;
			children = (
				6B553D0B1E0AAE5200A21CF1 /* ForecastCell.swift */,
			);
			name = View;
			sourceTree = "<group>";
		};
		6B794CCE1E09BB7700E3BC59 /* Controller */ = {
			isa = PBXGroup;
			children = (
				6B794CB91E09BB5A00E3BC59 /* WeatherVC.swift */,
			);
			name = Controller;
			sourceTree = "<group>";
		};
		6B794CCF1E09BB8900E3BC59 /* Utils */ = {
			isa = PBXGroup;
			children = (
				6B794CD21E09C54300E3BC59 /* Constants.swift */,
				6B794CD41E09C99A00E3BC59 /* Location.swift */,
			);
			name = Utils;
			sourceTree = "<group>";
		};
		F7948D01E053C7285FBB00F9 /* Frameworks */ = {
			isa = PBXGroup;
			children = (
				24098A681E0B6E343368E2B6 /* Pods_SnowMan.framework */,
			);
			name = Frameworks;
			sourceTree = "<group>";
		};
/* End PBXGroup section */

/* Begin PBXNativeTarget section */
		6B794CB31E09BB5A00E3BC59 /* SnowMan */ = {
			isa = PBXNativeTarget;
			buildConfigurationList = 6B794CC91E09BB5A00E3BC59 /* Build configuration list for PBXNativeTarget "SnowMan" */;
			buildPhases = (
				49FB9A324C6272DE4645CCFF /* [CP] Check Pods Manifest.lock */,
				6B794CB01E09BB5A00E3BC59 /* Sources */,
				6B794CB11E09BB5A00E3BC59 /* Frameworks */,
				6B794CB21E09BB5A00E3BC59 /* Resources */,
				124245B4A5BCC48BB116870B /* [CP] Embed Pods Frameworks */,
				FCF29FDA72D71B6B7D83B2C3 /* [CP] Copy Pods Resources */,
				6B794CEA1E09E30500E3BC59 /* Embed Frameworks */,
			);
			buildRules = (
			);
			dependencies = (
			);
			name = SnowMan;
			productName = SnowMan;
			productReference = 6B794CB41E09BB5A00E3BC59 /* SnowMan.app */;
			productType = "com.apple.product-type.application";
		};
/* End PBXNativeTarget section */

/* Begin PBXProject section */
		6B794CAC1E09BB5A00E3BC59 /* Project object */ = {
			isa = PBXProject;
			attributes = {
				LastSwiftUpdateCheck = 0820;
				LastUpgradeCheck = 0820;
				ORGANIZATIONNAME = com.bhagat_singh;
				TargetAttributes = {
					6B794CB31E09BB5A00E3BC59 = {
						CreatedOnToolsVersion = 8.2;
						DevelopmentTeam = VG36S3M9UZ;
						ProvisioningStyle = Automatic;
					};
				};
			};
			buildConfigurationList = 6B794CAF1E09BB5A00E3BC59 /* Build configuration list for PBXProject "SnowMan" */;
			compatibilityVersion = "Xcode 3.2";
			developmentRegion = English;
			hasScannedForEncodings = 0;
			knownRegions = (
				en,
				Base,
			);
			mainGroup = 6B794CAB1E09BB5A00E3BC59;
			productRefGroup = 6B794CB51E09BB5A00E3BC59 /* Products */;
			projectDirPath = "";
			projectRoot = "";
			targets = (
				6B794CB31E09BB5A00E3BC59 /* SnowMan */,
			);
		};
/* End PBXProject section */

/* Begin PBXResourcesBuildPhase section */
		6B794CB21E09BB5A00E3BC59 /* Resources */ = {
			isa = PBXResourcesBuildPhase;
			buildActionMask = 2147483647;
			files = (
				6B553D091E0A8C9700A21CF1 /* Nexa Light.otf in Resources */,
				6B794CC51E09BB5A00E3BC59 /* LaunchScreen.storyboard in Resources */,
				6B553D051E0A8C8E00A21CF1 /* Nexa Bold.otf in Resources */,
				6B794CC21E09BB5A00E3BC59 /* Assets.xcassets in Resources */,
				6B794CBD1E09BB5A00E3BC59 /* Main.storyboard in Resources */,
			);
			runOnlyForDeploymentPostprocessing = 0;
		};
/* End PBXResourcesBuildPhase section */

/* Begin PBXShellScriptBuildPhase section */
		124245B4A5BCC48BB116870B /* [CP] Embed Pods Frameworks */ = {
			isa = PBXShellScriptBuildPhase;
			buildActionMask = 2147483647;
			files = (
			);
			inputPaths = (
			);
			name = "[CP] Embed Pods Frameworks";
			outputPaths = (
			);
			runOnlyForDeploymentPostprocessing = 0;
			shellPath = /bin/sh;
			shellScript = "\"${SRCROOT}/Pods/Target Support Files/Pods-SnowMan/Pods-SnowMan-frameworks.sh\"\n";
			showEnvVarsInLog = 0;
		};
		49FB9A324C6272DE4645CCFF /* [CP] Check Pods Manifest.lock */ = {
			isa = PBXShellScriptBuildPhase;
			buildActionMask = 2147483647;
			files = (
			);
			inputPaths = (
			);
			name = "[CP] Check Pods Manifest.lock";
			outputPaths = (
			);
			runOnlyForDeploymentPostprocessing = 0;
			shellPath = /bin/sh;
			shellScript = "diff \"${PODS_ROOT}/../Podfile.lock\" \"${PODS_ROOT}/Manifest.lock\" > /dev/null\nif [ $? != 0 ] ; then\n    # print error to STDERR\n    echo \"error: The sandbox is not in sync with the Podfile.lock. Run 'pod install' or update your CocoaPods installation.\" >&2\n    exit 1\nfi\n";
			showEnvVarsInLog = 0;
		};
		FCF29FDA72D71B6B7D83B2C3 /* [CP] Copy Pods Resources */ = {
			isa = PBXShellScriptBuildPhase;
			buildActionMask = 2147483647;
			files = (
			);
			inputPaths = (
			);
			name = "[CP] Copy Pods Resources";
			outputPaths = (
			);
			runOnlyForDeploymentPostprocessing = 0;
			shellPath = /bin/sh;
			shellScript = "\"${SRCROOT}/Pods/Target Support Files/Pods-SnowMan/Pods-SnowMan-resources.sh\"\n";
			showEnvVarsInLog = 0;
		};
/* End PBXShellScriptBuildPhase section */

/* Begin PBXSourcesBuildPhase section */
		6B794CB01E09BB5A00E3BC59 /* Sources */ = {
			isa = PBXSourcesBuildPhase;
			buildActionMask = 2147483647;
			files = (
				6B794CD31E09C54300E3BC59 /* Constants.swift in Sources */,
				6B794CBA1E09BB5A00E3BC59 /* WeatherVC.swift in Sources */,
				6B794CD71E09D57700E3BC59 /* Forecast.swift in Sources */,
				6B794CB81E09BB5A00E3BC59 /* AppDelegate.swift in Sources */,
				6B553D0C1E0AAE5200A21CF1 /* ForecastCell.swift in Sources */,
				6B794CD11E09C15800E3BC59 /* CurrentWeather.swift in Sources */,
				6B794CD51E09C99B00E3BC59 /* Location.swift in Sources */,
				6B794CC01E09BB5A00E3BC59 /* SnowMan.xcdatamodeld in Sources */,
			);
			runOnlyForDeploymentPostprocessing = 0;
		};
/* End PBXSourcesBuildPhase section */

/* Begin PBXVariantGroup section */
		6B794CBB1E09BB5A00E3BC59 /* Main.storyboard */ = {
			isa = PBXVariantGroup;
			children = (
				6B794CBC1E09BB5A00E3BC59 /* Base */,
			);
			name = Main.storyboard;
			sourceTree = "<group>";
		};
		6B794CC31E09BB5A00E3BC59 /* LaunchScreen.storyboard */ = {
			isa = PBXVariantGroup;
			children = (
				6B794CC41E09BB5A00E3BC59 /* Base */,
			);
			name = LaunchScreen.storyboard;
			sourceTree = "<group>";
		};
/* End PBXVariantGroup section */

/* Begin XCBuildConfiguration section */
		6B794CC71E09BB5A00E3BC59 /* Debug */ = {
			isa = XCBuildConfiguration;
			buildSettings = {
				ALWAYS_SEARCH_USER_PATHS = NO;
				CLANG_ANALYZER_NONNULL = YES;
				CLANG_CXX_LANGUAGE_STANDARD = "gnu++0x";
				CLANG_CXX_LIBRARY = "libc++";
				CLANG_ENABLE_MODULES = YES;
				CLANG_ENABLE_OBJC_ARC = YES;
				CLANG_WARN_BOOL_CONVERSION = YES;
				CLANG_WARN_CONSTANT_CONVERSION = YES;
				CLANG_WARN_DIRECT_OBJC_ISA_USAGE = YES_ERROR;
				CLANG_WARN_DOCUMENTATION_COMMENTS = YES;
				CLANG_WARN_EMPTY_BODY = YES;
				CLANG_WARN_ENUM_CONVERSION = YES;
				CLANG_WARN_INFINITE_RECURSION = YES;
				CLANG_WARN_INT_CONVERSION = YES;
				CLANG_WARN_OBJC_ROOT_CLASS = YES_ERROR;
				CLANG_WARN_SUSPICIOUS_MOVE = YES;
				CLANG_WARN_UNREACHABLE_CODE = YES;
				CLANG_WARN__DUPLICATE_METHOD_MATCH = YES;
				"CODE_SIGN_IDENTITY[sdk=iphoneos*]" = "iPhone Developer";
				COPY_PHASE_STRIP = NO;
				DEBUG_INFORMATION_FORMAT = dwarf;
				ENABLE_STRICT_OBJC_MSGSEND = YES;
				ENABLE_TESTABILITY = YES;
				GCC_C_LANGUAGE_STANDARD = gnu99;
				GCC_DYNAMIC_NO_PIC = NO;
				GCC_NO_COMMON_BLOCKS = YES;
				GCC_OPTIMIZATION_LEVEL = 0;
				GCC_PREPROCESSOR_DEFINITIONS = (
					"DEBUG=1",
					"$(inherited)",
				);
				GCC_WARN_64_TO_32_BIT_CONVERSION = YES;
				GCC_WARN_ABOUT_RETURN_TYPE = YES_ERROR;
				GCC_WARN_UNDECLARED_SELECTOR = YES;
				GCC_WARN_UNINITIALIZED_AUTOS = YES_AGGRESSIVE;
				GCC_WARN_UNUSED_FUNCTION = YES;
				GCC_WARN_UNUSED_VARIABLE = YES;
				IPHONEOS_DEPLOYMENT_TARGET = 10.2;
				MTL_ENABLE_DEBUG_INFO = YES;
				ONLY_ACTIVE_ARCH = YES;
				SDKROOT = iphoneos;
				SWIFT_ACTIVE_COMPILATION_CONDITIONS = DEBUG;
				SWIFT_OPTIMIZATION_LEVEL = "-Onone";
			};
			name = Debug;
		};
		6B794CC81E09BB5A00E3BC59 /* Release */ = {
			isa = XCBuildConfiguration;
			buildSettings = {
				ALWAYS_SEARCH_USER_PATHS = NO;
				CLANG_ANALYZER_NONNULL = YES;
				CLANG_CXX_LANGUAGE_STANDARD = "gnu++0x";
				CLANG_CXX_LIBRARY = "libc++";
				CLANG_ENABLE_MODULES = YES;
				CLANG_ENABLE_OBJC_ARC = YES;
				CLANG_WARN_BOOL_CONVERSION = YES;
				CLANG_WARN_CONSTANT_CONVERSION = YES;
				CLANG_WARN_DIRECT_OBJC_ISA_USAGE = YES_ERROR;
				CLANG_WARN_DOCUMENTATION_COMMENTS = YES;
				CLANG_WARN_EMPTY_BODY = YES;
				CLANG_WARN_ENUM_CONVERSION = YES;
				CLANG_WARN_INFINITE_RECURSION = YES;
				CLANG_WARN_INT_CONVERSION = YES;
				CLANG_WARN_OBJC_ROOT_CLASS = YES_ERROR;
				CLANG_WARN_SUSPICIOUS_MOVE = YES;
				CLANG_WARN_UNREACHABLE_CODE = YES;
				CLANG_WARN__DUPLICATE_METHOD_MATCH = YES;
				"CODE_SIGN_IDENTITY[sdk=iphoneos*]" = "iPhone Developer";
				COPY_PHASE_STRIP = NO;
				DEBUG_INFORMATION_FORMAT = "dwarf-with-dsym";
				ENABLE_NS_ASSERTIONS = NO;
				ENABLE_STRICT_OBJC_MSGSEND = YES;
				GCC_C_LANGUAGE_STANDARD = gnu99;
				GCC_NO_COMMON_BLOCKS = YES;
				GCC_WARN_64_TO_32_BIT_CONVERSION = YES;
				GCC_WARN_ABOUT_RETURN_TYPE = YES_ERROR;
				GCC_WARN_UNDECLARED_SELECTOR = YES;
				GCC_WARN_UNINITIALIZED_AUTOS = YES_AGGRESSIVE;
				GCC_WARN_UNUSED_FUNCTION = YES;
				GCC_WARN_UNUSED_VARIABLE = YES;
				IPHONEOS_DEPLOYMENT_TARGET = 10.2;
				MTL_ENABLE_DEBUG_INFO = NO;
				SDKROOT = iphoneos;
				SWIFT_OPTIMIZATION_LEVEL = "-Owholemodule";
				VALIDATE_PRODUCT = YES;
			};
			name = Release;
		};
		6B794CCA1E09BB5A00E3BC59 /* Debug */ = {
			isa = XCBuildConfiguration;
			baseConfigurationReference = 2892393A041F8547F8CF2B1C /* Pods-SnowMan.debug.xcconfig */;
			buildSettings = {
				ALWAYS_EMBED_SWIFT_STANDARD_LIBRARIES = YES;
				ASSETCATALOG_COMPILER_APPICON_NAME = AppIcon;
				"CODE_SIGN_IDENTITY[sdk=iphoneos*]" = "iPhone Developer";
				DEVELOPMENT_TEAM = VG36S3M9UZ;
				INFOPLIST_FILE = SnowMan/Info.plist;
				LD_RUNPATH_SEARCH_PATHS = "$(inherited) @executable_path/Frameworks";
				PRODUCT_BUNDLE_IDENTIFIER = "com.bhagat-singh.SnowMan";
				PRODUCT_NAME = "$(TARGET_NAME)";
				SWIFT_VERSION = 3.0;
			};
			name = Debug;
		};
		6B794CCB1E09BB5A00E3BC59 /* Release */ = {
			isa = XCBuildConfiguration;
			baseConfigurationReference = 5F1B8DF076BDDAFA0253ABF9 /* Pods-SnowMan.release.xcconfig */;
			buildSettings = {
				ALWAYS_EMBED_SWIFT_STANDARD_LIBRARIES = YES;
				ASSETCATALOG_COMPILER_APPICON_NAME = AppIcon;
				"CODE_SIGN_IDENTITY[sdk=iphoneos*]" = "iPhone Developer";
				DEVELOPMENT_TEAM = VG36S3M9UZ;
				INFOPLIST_FILE = SnowMan/Info.plist;
				LD_RUNPATH_SEARCH_PATHS = "$(inherited) @executable_path/Frameworks";
				PRODUCT_BUNDLE_IDENTIFIER = "com.bhagat-singh.SnowMan";
				PRODUCT_NAME = "$(TARGET_NAME)";
				SWIFT_VERSION = 3.0;
			};
			name = Release;
		};
/* End XCBuildConfiguration section */

/* Begin XCConfigurationList section */
		6B794CAF1E09BB5A00E3BC59 /* Build configuration list for PBXProject "SnowMan" */ = {
			isa = XCConfigurationList;
			buildConfigurations = (
				6B794CC71E09BB5A00E3BC59 /* Debug */,
				6B794CC81E09BB5A00E3BC59 /* Release */,
			);
			defaultConfigurationIsVisible = 0;
			defaultConfigurationName = Release;
		};
		6B794CC91E09BB5A00E3BC59 /* Build configuration list for PBXNativeTarget "SnowMan" */ = {
			isa = XCConfigurationList;
			buildConfigurations = (
				6B794CCA1E09BB5A00E3BC59 /* Debug */,
				6B794CCB1E09BB5A00E3BC59 /* Release */,
			);
			defaultConfigurationIsVisible = 0;
			defaultConfigurationName = Release;
		};
/* End XCConfigurationList section */

/* Begin XCVersionGroup section */
		6B794CBE1E09BB5A00E3BC59 /* SnowMan.xcdatamodeld */ = {
			isa = XCVersionGroup;
			children = (
				6B794CBF1E09BB5A00E3BC59 /* SnowMan.xcdatamodel */,
			);
			currentVersion = 6B794CBF1E09BB5A00E3BC59 /* SnowMan.xcdatamodel */;
			path = SnowMan.xcdatamodeld;
			sourceTree = "<group>";
			versionGroupType = wrapper.xcdatamodel;
		};
/* End XCVersionGroup section */
	};
	rootObject = 6B794CAC1E09BB5A00E3BC59 /* Project object */;
}
